
Microsoft Visual Studio Solution File, Format Version 12.00
# Visual Studio 15
VisualStudioVersion = 15.0.27703.2047
MinimumVisualStudioVersion = 10.0.40219.1
Project("{FAE04EC0-301F-11D3-BF4B-00C04F79EFBC}") = "Lab10", "Lab10\Lab10.csproj", "{EBB3F1BE-4EC2-4AAD-B6AC-0D1ACB388C49}"
EndProject
Global
	GlobalSection(SolutionConfigurationPlatforms) = preSolution
		Debug|Any CPU = Debug|Any CPU
		Release|Any CPU = Release|Any CPU
	EndGlobalSection
	GlobalSection(ProjectConfigurationPlatforms) = postSolution
		{EBB3F1BE-4EC2-4AAD-B6AC-0D1ACB388C49}.Debug|Any CPU.ActiveCfg = Debug|Any CPU
		{EBB3F1BE-4EC2-4AAD-B6AC-0D1ACB388C49}.Debug|Any CPU.Build.0 = Debug|Any CPU
		{EBB3F1BE-4EC2-4AAD-B6AC-0D1ACB388C49}.Release|Any CPU.ActiveCfg = Release|Any CPU
		{EBB3F1BE-4EC2-4AAD-B6AC-0D1ACB388C49}.Release|Any CPU.Build.0 = Release|Any CPU
	EndGlobalSection
	GlobalSection(SolutionProperties) = preSolution
		HideSolutionNode = FALSE
	EndGlobalSection
	GlobalSection(ExtensibilityGlobals) = postSolution
		SolutionGuid = {68218199-A98B-488B-BD88-3B95401B4785}
	EndGlobalSection
EndGlobal
